
Microsoft Visual Studio Solution File, Format Version 12.00
# Visual Studio Version 17
VisualStudioVersion = 17.10.35013.160
MinimumVisualStudioVersion = 10.0.40219.1
Project("{FAE04EC0-301F-11D3-BF4B-00C04F79EFBC}") = "Reflection_Demo_CSharp", "Reflection_Demo_CSharp\Reflection_Demo_CSharp.csproj", "{F6333D0E-17E0-4680-91BD-83F217622A86}"
EndProject
Global
	GlobalSection(SolutionConfigurationPlatforms) = preSolution
		Debug|Any CPU = Debug|Any CPU
		Release|Any CPU = Release|Any CPU
	EndGlobalSection
	GlobalSection(ProjectConfigurationPlatforms) = postSolution
		{F6333D0E-17E0-4680-91BD-83F217622A86}.Debug|Any CPU.ActiveCfg = Debug|Any CPU
		{F6333D0E-17E0-4680-91BD-83F217622A86}.Debug|Any CPU.Build.0 = Debug|Any CPU
		{F6333D0E-17E0-4680-91BD-83F217622A86}.Release|Any CPU.ActiveCfg = Release|Any CPU
		{F6333D0E-17E0-4680-91BD-83F217622A86}.Release|Any CPU.Build.0 = Release|Any CPU
	EndGlobalSection
	GlobalSection(SolutionProperties) = preSolution
		HideSolutionNode = FALSE
	EndGlobalSection
	GlobalSection(ExtensibilityGlobals) = postSolution
		SolutionGuid = {F2B1B05A-5677-4F39-9CA8-80A1691D669A}
	EndGlobalSection
EndGlobal
